
Microsoft Visual Studio Solution File, Format Version 10.00
# Visual Studio 2008
Project("{8BC9CEB8-8B4A-11D0-8D11-00A0C91BC942}") = "cudacnn", "libcudacnn\cudacnn.vcproj", "{F73CD4F1-84AC-43F6-A381-8EA2397DF3C5}"
EndProject
Project("{8BC9CEB8-8B4A-11D0-8D11-00A0C91BC942}") = "cudacnnMex", "mexFunction\cudacnnMex.vcproj", "{1F59DAFD-A700-4D1F-9D9D-88403A827327}"
	ProjectSection(ProjectDependencies) = postProject
		{F73CD4F1-84AC-43F6-A381-8EA2397DF3C5} = {F73CD4F1-84AC-43F6-A381-8EA2397DF3C5}
	EndProjectSection
EndProject
Project("{8BC9CEB8-8B4A-11D0-8D11-00A0C91BC942}") = "Tests", "tests\Tests.vcproj", "{6A979D84-8CC2-4136-83DB-247F6F73FBC4}"
	ProjectSection(ProjectDependencies) = postProject
		{F73CD4F1-84AC-43F6-A381-8EA2397DF3C5} = {F73CD4F1-84AC-43F6-A381-8EA2397DF3C5}
	EndProjectSection
EndProject
Global
	GlobalSection(SolutionConfigurationPlatforms) = preSolution
		Debug|Win32 = Debug|Win32
		Debug|x64 = Debug|x64
		Release|Win32 = Release|Win32
		Release|x64 = Release|x64
	EndGlobalSection
	GlobalSection(ProjectConfigurationPlatforms) = postSolution
		{F73CD4F1-84AC-43F6-A381-8EA2397DF3C5}.Debug|Win32.ActiveCfg = Debug|Win32
		{F73CD4F1-84AC-43F6-A381-8EA2397DF3C5}.Debug|Win32.Build.0 = Debug|Win32
		{F73CD4F1-84AC-43F6-A381-8EA2397DF3C5}.Debug|x64.ActiveCfg = Debug|x64
		{F73CD4F1-84AC-43F6-A381-8EA2397DF3C5}.Debug|x64.Build.0 = Debug|x64
		{F73CD4F1-84AC-43F6-A381-8EA2397DF3C5}.Release|Win32.ActiveCfg = Release|Win32
		{F73CD4F1-84AC-43F6-A381-8EA2397DF3C5}.Release|Win32.Build.0 = Release|Win32
		{F73CD4F1-84AC-43F6-A381-8EA2397DF3C5}.Release|x64.ActiveCfg = Release|x64
		{F73CD4F1-84AC-43F6-A381-8EA2397DF3C5}.Release|x64.Build.0 = Release|x64
		{1F59DAFD-A700-4D1F-9D9D-88403A827327}.Debug|Win32.ActiveCfg = Debug|Win32
		{1F59DAFD-A700-4D1F-9D9D-88403A827327}.Debug|Win32.Build.0 = Debug|Win32
		{1F59DAFD-A700-4D1F-9D9D-88403A827327}.Debug|x64.ActiveCfg = Debug|x64
		{1F59DAFD-A700-4D1F-9D9D-88403A827327}.Debug|x64.Build.0 = Debug|x64
		{1F59DAFD-A700-4D1F-9D9D-88403A827327}.Release|Win32.ActiveCfg = Release|Win32
		{1F59DAFD-A700-4D1F-9D9D-88403A827327}.Release|Win32.Build.0 = Release|Win32
		{1F59DAFD-A700-4D1F-9D9D-88403A827327}.Release|x64.ActiveCfg = Release|x64
		{1F59DAFD-A700-4D1F-9D9D-88403A827327}.Release|x64.Build.0 = Release|x64
		{6A979D84-8CC2-4136-83DB-247F6F73FBC4}.Debug|Win32.ActiveCfg = Debug|Win32
		{6A979D84-8CC2-4136-83DB-247F6F73FBC4}.Debug|Win32.Build.0 = Debug|Win32
		{6A979D84-8CC2-4136-83DB-247F6F73FBC4}.Debug|x64.ActiveCfg = Debug|x64
		{6A979D84-8CC2-4136-83DB-247F6F73FBC4}.Debug|x64.Build.0 = Debug|x64
		{6A979D84-8CC2-4136-83DB-247F6F73FBC4}.Release|Win32.ActiveCfg = Release|Win32
		{6A979D84-8CC2-4136-83DB-247F6F73FBC4}.Release|Win32.Build.0 = Release|Win32
		{6A979D84-8CC2-4136-83DB-247F6F73FBC4}.Release|x64.ActiveCfg = Release|x64
		{6A979D84-8CC2-4136-83DB-247F6F73FBC4}.Release|x64.Build.0 = Release|x64
	EndGlobalSection
	GlobalSection(SolutionProperties) = preSolution
		HideSolutionNode = FALSE
	EndGlobalSection
EndGlobal
